
Microsoft Visual Studio Solution File, Format Version 12.00
# Visual Studio Version 17
VisualStudioVersion = 17.3.32922.545
MinimumVisualStudioVersion = 10.0.40219.1
Project("{9A19103F-16F7-4668-BE54-9A1E7A4F7556}") = "Plugin.Example.Empty", "Plugin.Example.Empty\Plugin.Example.Empty.csproj", "{8DC62A3F-0A55-4ED7-BD42-43D989BA822B}"
EndProject
Project("{9A19103F-16F7-4668-BE54-9A1E7A4F7556}") = "Plugin.Example.Empty.TestConsole", "Plugin.Example.Empty.TestConsole\Plugin.Example.Empty.TestConsole.csproj", "{810B379A-2CC5-4976-A671-1F0EDBCB3B76}"
EndProject
Global
	GlobalSection(SolutionConfigurationPlatforms) = preSolution
		Debug|Any CPU = Debug|Any CPU
		Debug|x64 = Debug|x64
		Debug|x86 = Debug|x86
		Release|Any CPU = Release|Any CPU
		Release|x64 = Release|x64
		Release|x86 = Release|x86
	EndGlobalSection
	GlobalSection(ProjectConfigurationPlatforms) = postSolution
		{8DC62A3F-0A55-4ED7-BD42-43D989BA822B}.Debug|Any CPU.ActiveCfg = Debug|Any CPU
		{8DC62A3F-0A55-4ED7-BD42-43D989BA822B}.Debug|Any CPU.Build.0 = Debug|Any CPU
		{8DC62A3F-0A55-4ED7-BD42-43D989BA822B}.Debug|x64.ActiveCfg = Debug|x64
		{8DC62A3F-0A55-4ED7-BD42-43D989BA822B}.Debug|x64.Build.0 = Debug|x64
		{8DC62A3F-0A55-4ED7-BD42-43D989BA822B}.Debug|x86.ActiveCfg = Debug|x86
		{8DC62A3F-0A55-4ED7-BD42-43D989BA822B}.Debug|x86.Build.0 = Debug|x86
		{8DC62A3F-0A55-4ED7-BD42-43D989BA822B}.Release|Any CPU.ActiveCfg = Release|Any CPU
		{8DC62A3F-0A55-4ED7-BD42-43D989BA822B}.Release|Any CPU.Build.0 = Release|Any CPU
		{8DC62A3F-0A55-4ED7-BD42-43D989BA822B}.Release|x64.ActiveCfg = Release|x64
		{8DC62A3F-0A55-4ED7-BD42-43D989BA822B}.Release|x64.Build.0 = Release|x64
		{8DC62A3F-0A55-4ED7-BD42-43D989BA822B}.Release|x86.ActiveCfg = Release|x86
		{8DC62A3F-0A55-4ED7-BD42-43D989BA822B}.Release|x86.Build.0 = Release|x86
		{810B379A-2CC5-4976-A671-1F0EDBCB3B76}.Debug|Any CPU.ActiveCfg = Debug|Any CPU
		{810B379A-2CC5-4976-A671-1F0EDBCB3B76}.Debug|Any CPU.Build.0 = Debug|Any CPU
		{810B379A-2CC5-4976-A671-1F0EDBCB3B76}.Debug|x64.ActiveCfg = Debug|x64
		{810B379A-2CC5-4976-A671-1F0EDBCB3B76}.Debug|x64.Build.0 = Debug|x64
		{810B379A-2CC5-4976-A671-1F0EDBCB3B76}.Debug|x86.ActiveCfg = Debug|x86
		{810B379A-2CC5-4976-A671-1F0EDBCB3B76}.Debug|x86.Build.0 = Debug|x86
		{810B379A-2CC5-4976-A671-1F0EDBCB3B76}.Release|Any CPU.ActiveCfg = Release|Any CPU
		{810B379A-2CC5-4976-A671-1F0EDBCB3B76}.Release|Any CPU.Build.0 = Release|Any CPU
		{810B379A-2CC5-4976-A671-1F0EDBCB3B76}.Release|x64.ActiveCfg = Release|x64
		{810B379A-2CC5-4976-A671-1F0EDBCB3B76}.Release|x64.Build.0 = Release|x64
		{810B379A-2CC5-4976-A671-1F0EDBCB3B76}.Release|x86.ActiveCfg = Release|x86
		{810B379A-2CC5-4976-A671-1F0EDBCB3B76}.Release|x86.Build.0 = Release|x86
	EndGlobalSection
	GlobalSection(SolutionProperties) = preSolution
		HideSolutionNode = FALSE
	EndGlobalSection
	GlobalSection(ExtensibilityGlobals) = postSolution
		SolutionGuid = {1168CAAA-401B-4875-AC32-B07E35A1012C}
	EndGlobalSection
EndGlobal
